// !$*UTF8*$!
{
	archiveVersion = 1;
	classes = {
	};
	objectVersion = 51;
	objects = {

/* Begin PBXBuildFile section */
		F41E68F9C744D95FC53B34DD /* Pods_Cool_Eng.framework in Frameworks */ = {isa = PBXBuildFile; fileRef = 76774B42A233CFA1A3671E34 /* Pods_Cool_Eng.framework */; };
		F504E040260CD945000D4C8C /* EditactionsContainerViewController.swift in Sources */ = {isa = PBXBuildFile; fileRef = F504E03F260CD945000D4C8C /* EditactionsContainerViewController.swift */; };
		F504E043260CD954000D4C8C /* EditActionsCollectionViewCell.swift in Sources */ = {isa = PBXBuildFile; fileRef = F504E042260CD954000D4C8C /* EditActionsCollectionViewCell.swift */; };
		F50C385325E13EF700ED12A3 /* RadioButton.swift in Sources */ = {isa = PBXBuildFile; fileRef = F50C385225E13EF700ED12A3 /* RadioButton.swift */; };
		F50C385725E14F1A00ED12A3 /* VocabularyTableView.swift in Sources */ = {isa = PBXBuildFile; fileRef = F50C385625E14F1A00ED12A3 /* VocabularyTableView.swift */; };
		F50EDCEC24C4464200A7ED1E /* EnglishLevel.swift in Sources */ = {isa = PBXBuildFile; fileRef = F50EDCEB24C4464200A7ED1E /* EnglishLevel.swift */; };
		F5210762248A7AAC008408D2 /* VocabulariesViewController.swift in Sources */ = {isa = PBXBuildFile; fileRef = F5210761248A7AAC008408D2 /* VocabulariesViewController.swift */; };
		F5210767248A8890008408D2 /* VocabulariesTableViewCell.swift in Sources */ = {isa = PBXBuildFile; fileRef = F5210766248A8890008408D2 /* VocabulariesTableViewCell.swift */; };
		F5210769248A88C9008408D2 /* BlurView.swift in Sources */ = {isa = PBXBuildFile; fileRef = F5210768248A88C9008408D2 /* BlurView.swift */; };
		F523A7D825E4F0B700E3C008 /* WordsHelper.swift in Sources */ = {isa = PBXBuildFile; fileRef = F523A7D725E4F0B700E3C008 /* WordsHelper.swift */; };
		F52F4A0C247842B6000BE9E6 /* DictionaryManager.swift in Sources */ = {isa = PBXBuildFile; fileRef = F52F4A0B247842B6000BE9E6 /* DictionaryManager.swift */; };
		F531A0D425FD286400177F50 /* EmbededVocabularyViewController.swift in Sources */ = {isa = PBXBuildFile; fileRef = F531A0D325FD286400177F50 /* EmbededVocabularyViewController.swift */; };
		F536009F24FA996C00210556 /* GeneralExtensions.swift in Sources */ = {isa = PBXBuildFile; fileRef = F536009E24FA996C00210556 /* GeneralExtensions.swift */; };
		F5360F15246F087100550559 /* GoogleService-Info.plist in Resources */ = {isa = PBXBuildFile; fileRef = F5360F14246F087100550559 /* GoogleService-Info.plist */; };
		F53E16072490F68700EA594A /* RecallViewController.swift in Sources */ = {isa = PBXBuildFile; fileRef = F53E16062490F68700EA594A /* RecallViewController.swift */; };
		F53FBD8124A65FDB00F8B0E8 /* rSwipe.json in Resources */ = {isa = PBXBuildFile; fileRef = F53FBD8024A65FDB00F8B0E8 /* rSwipe.json */; };
		F53FBD8324A6659500F8B0E8 /* rSwipe_White.json in Resources */ = {isa = PBXBuildFile; fileRef = F53FBD8224A6659400F8B0E8 /* rSwipe_White.json */; };
		F53FC9BF24A24F0C0078025D /* IAPViewController.swift in Sources */ = {isa = PBXBuildFile; fileRef = F53FC9BE24A24F0C0078025D /* IAPViewController.swift */; };
		F541726F248A376A005AA224 /* VocabularyBoxTableViewCell.swift in Sources */ = {isa = PBXBuildFile; fileRef = F541726E248A376A005AA224 /* VocabularyBoxTableViewCell.swift */; };
		F541A64524D49FD800FA452C /* dictionary.txt in Resources */ = {isa = PBXBuildFile; fileRef = F541A64424D49FD800FA452C /* dictionary.txt */; };
		F548BBDC2444CA8900AE060C /* VideoFirebaseHelper.swift in Sources */ = {isa = PBXBuildFile; fileRef = F548BBDB2444CA8900AE060C /* VideoFirebaseHelper.swift */; };
		F548BBE02444DC2700AE060C /* VideoPlayerViewController.swift in Sources */ = {isa = PBXBuildFile; fileRef = F548BBDF2444DC2700AE060C /* VideoPlayerViewController.swift */; };
		F54AFF00260364B00027393A /* VocabularyNotificationViewController.swift in Sources */ = {isa = PBXBuildFile; fileRef = F54AFEFF260364B00027393A /* VocabularyNotificationViewController.swift */; };
		F54C9736248E30C50019930D /* PastelExtension.swift in Sources */ = {isa = PBXBuildFile; fileRef = F54C9735248E30C50019930D /* PastelExtension.swift */; };
		F54C9739248E31490019930D /* LearnCollectionViewCell.swift in Sources */ = {isa = PBXBuildFile; fileRef = F54C9738248E31490019930D /* LearnCollectionViewCell.swift */; };
		F552AF83249D040F008F7439 /* PurchaseViewController.swift in Sources */ = {isa = PBXBuildFile; fileRef = F552AF82249D040F008F7439 /* PurchaseViewController.swift */; };
		F55666B9246EA96E002C3821 /* ToastMessage.swift in Sources */ = {isa = PBXBuildFile; fileRef = F55666B8246EA96E002C3821 /* ToastMessage.swift */; };
		F5871716247BC72900E4506D /* VocabularyBoxViewController.swift in Sources */ = {isa = PBXBuildFile; fileRef = F5871715247BC72900E4506D /* VocabularyBoxViewController.swift */; };
		F596FCB2247A824D00E140C4 /* SubtitlesTableViewCell.swift in Sources */ = {isa = PBXBuildFile; fileRef = F596FCB1247A824D00E140C4 /* SubtitlesTableViewCell.swift */; };
		F59D9B5B252A5053003B0ADB /* ActiveLabel.swift in Sources */ = {isa = PBXBuildFile; fileRef = F59D9B5A252A5053003B0ADB /* ActiveLabel.swift */; };
		F59D9B61252A5118003B0ADB /* StringTrimExtension.swift in Sources */ = {isa = PBXBuildFile; fileRef = F59D9B5D252A5116003B0ADB /* StringTrimExtension.swift */; };
		F59D9B62252A5118003B0ADB /* RegexParser.swift in Sources */ = {isa = PBXBuildFile; fileRef = F59D9B5E252A5117003B0ADB /* RegexParser.swift */; };
		F59D9B63252A5118003B0ADB /* ActiveBuilder.swift in Sources */ = {isa = PBXBuildFile; fileRef = F59D9B5F252A5117003B0ADB /* ActiveBuilder.swift */; };
		F59D9B64252A5118003B0ADB /* ActiveType.swift in Sources */ = {isa = PBXBuildFile; fileRef = F59D9B60252A5118003B0ADB /* ActiveType.swift */; };
		F5A8876325E16BC00040C817 /* VocabularyTableViewCell.swift in Sources */ = {isa = PBXBuildFile; fileRef = F5A8876125E16BC00040C817 /* VocabularyTableViewCell.swift */; };
		F5A8876425E16BC00040C817 /* VocabularyTableViewCell.xib in Resources */ = {isa = PBXBuildFile; fileRef = F5A8876225E16BC00040C817 /* VocabularyTableViewCell.xib */; };
		F5B10094249B223800742BF5 /* StoreKit.framework in Frameworks */ = {isa = PBXBuildFile; fileRef = F5B10093249B223800742BF5 /* StoreKit.framework */; };
		F5B46A762444B67E0007E8E4 /* VideoModel.swift in Sources */ = {isa = PBXBuildFile; fileRef = F5B46A752444B67E0007E8E4 /* VideoModel.swift */; };
		F5B46A782444B69E0007E8E4 /* PlaylistModel.swift in Sources */ = {isa = PBXBuildFile; fileRef = F5B46A772444B69E0007E8E4 /* PlaylistModel.swift */; };
		F5C6A8772444BC8300716E96 /* PlaylistFirebaseHelper.swift in Sources */ = {isa = PBXBuildFile; fileRef = F5C6A8762444BC8300716E96 /* PlaylistFirebaseHelper.swift */; };
		F5C8161C24580D4900900412 /* SubtitlesFirebaseHelper.swift in Sources */ = {isa = PBXBuildFile; fileRef = F5C8161B24580D4900900412 /* SubtitlesFirebaseHelper.swift */; };
		F5C9988C247EB9C4000D6716 /* StudyViewController.swift in Sources */ = {isa = PBXBuildFile; fileRef = F5C9988B247EB9C3000D6716 /* StudyViewController.swift */; };
		F5C9988E247EC105000D6716 /* Level1ViewController.swift in Sources */ = {isa = PBXBuildFile; fileRef = F5C9988D247EC105000D6716 /* Level1ViewController.swift */; };
		F5C99890247EC108000D6716 /* Level2ViewController.swift in Sources */ = {isa = PBXBuildFile; fileRef = F5C9988F247EC108000D6716 /* Level2ViewController.swift */; };
		F5C99892247EC10A000D6716 /* Level3ViewController.swift in Sources */ = {isa = PBXBuildFile; fileRef = F5C99891247EC10A000D6716 /* Level3ViewController.swift */; };
		F5C99894247EC10C000D6716 /* Level4ViewController.swift in Sources */ = {isa = PBXBuildFile; fileRef = F5C99893247EC10B000D6716 /* Level4ViewController.swift */; };
		F5CE9EB62444958B009EB618 /* AppDelegate.swift in Sources */ = {isa = PBXBuildFile; fileRef = F5CE9EB52444958B009EB618 /* AppDelegate.swift */; };
		F5CE9EB82444958B009EB618 /* SceneDelegate.swift in Sources */ = {isa = PBXBuildFile; fileRef = F5CE9EB72444958B009EB618 /* SceneDelegate.swift */; };
		F5CE9EBD2444958B009EB618 /* Main.storyboard in Resources */ = {isa = PBXBuildFile; fileRef = F5CE9EBB2444958B009EB618 /* Main.storyboard */; };
		F5CE9EC02444958B009EB618 /* Cool_Eng.xcdatamodeld in Sources */ = {isa = PBXBuildFile; fileRef = F5CE9EBE2444958B009EB618 /* Cool_Eng.xcdatamodeld */; };
		F5CE9EC22444958C009EB618 /* Assets.xcassets in Resources */ = {isa = PBXBuildFile; fileRef = F5CE9EC12444958C009EB618 /* Assets.xcassets */; };
		F5CE9EC52444958C009EB618 /* LaunchScreen.storyboard in Resources */ = {isa = PBXBuildFile; fileRef = F5CE9EC32444958C009EB618 /* LaunchScreen.storyboard */; };
		F5CE9ECE2444997C009EB618 /* PlaylistsViewController.swift in Sources */ = {isa = PBXBuildFile; fileRef = F5CE9ECD2444997C009EB618 /* PlaylistsViewController.swift */; };
		F5CE9ED024449D70009EB618 /* PlaylistViewModel.swift in Sources */ = {isa = PBXBuildFile; fileRef = F5CE9ECF24449D70009EB618 /* PlaylistViewModel.swift */; };
		F5D7A81425F791E30097FFF1 /* SettingsViewController.swift in Sources */ = {isa = PBXBuildFile; fileRef = F5D7A81325F791E30097FFF1 /* SettingsViewController.swift */; };
		F5E86C1B2486C3AE0077E82E /* TableViewExtension.swift in Sources */ = {isa = PBXBuildFile; fileRef = F5E86C1A2486C3AE0077E82E /* TableViewExtension.swift */; };
		F5E86C1D2486C3DD0077E82E /* YoutubePlayerExtension.swift in Sources */ = {isa = PBXBuildFile; fileRef = F5E86C1C2486C3DD0077E82E /* YoutubePlayerExtension.swift */; };
		F5E86C202486C51E0077E82E /* AdvertHelperExtension.swift in Sources */ = {isa = PBXBuildFile; fileRef = F5E86C1F2486C51E0077E82E /* AdvertHelperExtension.swift */; };
		F5E86C222486C57E0077E82E /* SubtitlesExtension.swift in Sources */ = {isa = PBXBuildFile; fileRef = F5E86C212486C57E0077E82E /* SubtitlesExtension.swift */; };
		F5E8E4312445A9C500C79D4C /* YoutubePlayerExtras.swift in Sources */ = {isa = PBXBuildFile; fileRef = F5E8E42F2445A9C400C79D4C /* YoutubePlayerExtras.swift */; };
		F5E8E4322445A9C500C79D4C /* YoutubePlayerView.swift in Sources */ = {isa = PBXBuildFile; fileRef = F5E8E4302445A9C500C79D4C /* YoutubePlayerView.swift */; };
		F5E8E4342445B8FF00C79D4C /* SubtitleModel.swift in Sources */ = {isa = PBXBuildFile; fileRef = F5E8E4332445B8FF00C79D4C /* SubtitleModel.swift */; };
		F5E8E4362445F5BD00C79D4C /* PlaylistsCacheHelper.swift in Sources */ = {isa = PBXBuildFile; fileRef = F5E8E4352445F5BD00C79D4C /* PlaylistsCacheHelper.swift */; };
		F5FDA6F82444AFA000AC6A9D /* PlaylistTableViewCell.swift in Sources */ = {isa = PBXBuildFile; fileRef = F5FDA6F72444AFA000AC6A9D /* PlaylistTableViewCell.swift */; };
		F5FDA6FC2444B04C00AC6A9D /* VideosListViewController.swift in Sources */ = {isa = PBXBuildFile; fileRef = F5FDA6FB2444B04C00AC6A9D /* VideosListViewController.swift */; };
/* End PBXBuildFile section */

/* Begin PBXFileReference section */
		76774B42A233CFA1A3671E34 /* Pods_Cool_Eng.framework */ = {isa = PBXFileReference; explicitFileType = wrapper.framework; includeInIndex = 0; path = Pods_Cool_Eng.framework; sourceTree = BUILT_PRODUCTS_DIR; };
		954F9B72E6749571AD310654 /* Pods-Cool Eng.debug.xcconfig */ = {isa = PBXFileReference; includeInIndex = 1; lastKnownFileType = text.xcconfig; name = "Pods-Cool Eng.debug.xcconfig"; path = "Target Support Files/Pods-Cool Eng/Pods-Cool Eng.debug.xcconfig"; sourceTree = "<group>"; };
		C9DC0C9F6A69511812593570 /* Pods-Cool Eng.release.xcconfig */ = {isa = PBXFileReference; includeInIndex = 1; lastKnownFileType = text.xcconfig; name = "Pods-Cool Eng.release.xcconfig"; path = "Target Support Files/Pods-Cool Eng/Pods-Cool Eng.release.xcconfig"; sourceTree = "<group>"; };
		F504E03F260CD945000D4C8C /* EditactionsContainerViewController.swift */ = {isa = PBXFileReference; lastKnownFileType = sourcecode.swift; path = EditactionsContainerViewController.swift; sourceTree = "<group>"; };
		F504E042260CD954000D4C8C /* EditActionsCollectionViewCell.swift */ = {isa = PBXFileReference; lastKnownFileType = sourcecode.swift; path = EditActionsCollectionViewCell.swift; sourceTree = "<group>"; };
		F50C385225E13EF700ED12A3 /* RadioButton.swift */ = {isa = PBXFileReference; lastKnownFileType = sourcecode.swift; path = RadioButton.swift; sourceTree = "<group>"; };
		F50C385625E14F1A00ED12A3 /* VocabularyTableView.swift */ = {isa = PBXFileReference; lastKnownFileType = sourcecode.swift; path = VocabularyTableView.swift; sourceTree = "<group>"; };
		F50EDCEB24C4464200A7ED1E /* EnglishLevel.swift */ = {isa = PBXFileReference; lastKnownFileType = sourcecode.swift; path = EnglishLevel.swift; sourceTree = "<group>"; };
		F5210761248A7AAC008408D2 /* VocabulariesViewController.swift */ = {isa = PBXFileReference; lastKnownFileType = sourcecode.swift; path = VocabulariesViewController.swift; sourceTree = "<group>"; };
		F5210766248A8890008408D2 /* VocabulariesTableViewCell.swift */ = {isa = PBXFileReference; lastKnownFileType = sourcecode.swift; path = VocabulariesTableViewCell.swift; sourceTree = "<group>"; };
		F5210768248A88C9008408D2 /* BlurView.swift */ = {isa = PBXFileReference; lastKnownFileType = sourcecode.swift; path = BlurView.swift; sourceTree = "<group>"; };
		F523A7D725E4F0B700E3C008 /* WordsHelper.swift */ = {isa = PBXFileReference; lastKnownFileType = sourcecode.swift; path = WordsHelper.swift; sourceTree = "<group>"; };
		F52F4A0B247842B6000BE9E6 /* DictionaryManager.swift */ = {isa = PBXFileReference; lastKnownFileType = sourcecode.swift; path = DictionaryManager.swift; sourceTree = "<group>"; };
		F531A0D325FD286400177F50 /* EmbededVocabularyViewController.swift */ = {isa = PBXFileReference; lastKnownFileType = sourcecode.swift; path = EmbededVocabularyViewController.swift; sourceTree = "<group>"; };
		F536009E24FA996C00210556 /* GeneralExtensions.swift */ = {isa = PBXFileReference; lastKnownFileType = sourcecode.swift; path = GeneralExtensions.swift; sourceTree = "<group>"; };
		F5360F14246F087100550559 /* GoogleService-Info.plist */ = {isa = PBXFileReference; fileEncoding = 4; lastKnownFileType = text.plist.xml; path = "GoogleService-Info.plist"; sourceTree = "<group>"; };
		F53E16062490F68700EA594A /* RecallViewController.swift */ = {isa = PBXFileReference; lastKnownFileType = sourcecode.swift; path = RecallViewController.swift; sourceTree = "<group>"; };
		F53FBD8024A65FDB00F8B0E8 /* rSwipe.json */ = {isa = PBXFileReference; fileEncoding = 4; lastKnownFileType = text.json; path = rSwipe.json; sourceTree = "<group>"; };
		F53FBD8224A6659400F8B0E8 /* rSwipe_White.json */ = {isa = PBXFileReference; fileEncoding = 4; lastKnownFileType = text.json; path = rSwipe_White.json; sourceTree = "<group>"; };
		F53FC9BE24A24F0C0078025D /* IAPViewController.swift */ = {isa = PBXFileReference; lastKnownFileType = sourcecode.swift; path = IAPViewController.swift; sourceTree = "<group>"; };
		F541726E248A376A005AA224 /* VocabularyBoxTableViewCell.swift */ = {isa = PBXFileReference; lastKnownFileType = sourcecode.swift; path = VocabularyBoxTableViewCell.swift; sourceTree = "<group>"; };
		F541A64424D49FD800FA452C /* dictionary.txt */ = {isa = PBXFileReference; fileEncoding = 4; lastKnownFileType = text; path = dictionary.txt; sourceTree = "<group>"; };
		F548BBDB2444CA8900AE060C /* VideoFirebaseHelper.swift */ = {isa = PBXFileReference; lastKnownFileType = sourcecode.swift; path = VideoFirebaseHelper.swift; sourceTree = "<group>"; };
		F548BBDF2444DC2700AE060C /* VideoPlayerViewController.swift */ = {isa = PBXFileReference; lastKnownFileType = sourcecode.swift; path = VideoPlayerViewController.swift; sourceTree = "<group>"; };
		F54AFEFF260364B00027393A /* VocabularyNotificationViewController.swift */ = {isa = PBXFileReference; lastKnownFileType = sourcecode.swift; path = VocabularyNotificationViewController.swift; sourceTree = "<group>"; };
		F54C9735248E30C50019930D /* PastelExtension.swift */ = {isa = PBXFileReference; lastKnownFileType = sourcecode.swift; path = PastelExtension.swift; sourceTree = "<group>"; };
		F54C9738248E31490019930D /* LearnCollectionViewCell.swift */ = {isa = PBXFileReference; lastKnownFileType = sourcecode.swift; path = LearnCollectionViewCell.swift; sourceTree = "<group>"; };
		F552AF82249D040F008F7439 /* PurchaseViewController.swift */ = {isa = PBXFileReference; lastKnownFileType = sourcecode.swift; path = PurchaseViewController.swift; sourceTree = "<group>"; };
		F55666B8246EA96E002C3821 /* ToastMessage.swift */ = {isa = PBXFileReference; lastKnownFileType = sourcecode.swift; path = ToastMessage.swift; sourceTree = "<group>"; };
		F5871715247BC72900E4506D /* VocabularyBoxViewController.swift */ = {isa = PBXFileReference; lastKnownFileType = sourcecode.swift; path = VocabularyBoxViewController.swift; sourceTree = "<group>"; };
		F596FCB1247A824D00E140C4 /* SubtitlesTableViewCell.swift */ = {isa = PBXFileReference; lastKnownFileType = sourcecode.swift; path = SubtitlesTableViewCell.swift; sourceTree = "<group>"; };
		F59D9B5A252A5053003B0ADB /* ActiveLabel.swift */ = {isa = PBXFileReference; fileEncoding = 4; lastKnownFileType = sourcecode.swift; path = ActiveLabel.swift; sourceTree = "<group>"; };
		F59D9B5D252A5116003B0ADB /* StringTrimExtension.swift */ = {isa = PBXFileReference; fileEncoding = 4; lastKnownFileType = sourcecode.swift; path = StringTrimExtension.swift; sourceTree = "<group>"; };
		F59D9B5E252A5117003B0ADB /* RegexParser.swift */ = {isa = PBXFileReference; fileEncoding = 4; lastKnownFileType = sourcecode.swift; path = RegexParser.swift; sourceTree = "<group>"; };
		F59D9B5F252A5117003B0ADB /* ActiveBuilder.swift */ = {isa = PBXFileReference; fileEncoding = 4; lastKnownFileType = sourcecode.swift; path = ActiveBuilder.swift; sourceTree = "<group>"; };
		F59D9B60252A5118003B0ADB /* ActiveType.swift */ = {isa = PBXFileReference; fileEncoding = 4; lastKnownFileType = sourcecode.swift; path = ActiveType.swift; sourceTree = "<group>"; };
		F5A8876125E16BC00040C817 /* VocabularyTableViewCell.swift */ = {isa = PBXFileReference; lastKnownFileType = sourcecode.swift; path = VocabularyTableViewCell.swift; sourceTree = "<group>"; };
		F5A8876225E16BC00040C817 /* VocabularyTableViewCell.xib */ = {isa = PBXFileReference; lastKnownFileType = file.xib; path = VocabularyTableViewCell.xib; sourceTree = "<group>"; };
		F5B10093249B223800742BF5 /* StoreKit.framework */ = {isa = PBXFileReference; lastKnownFileType = wrapper.framework; name = StoreKit.framework; path = System/Library/Frameworks/StoreKit.framework; sourceTree = SDKROOT; };
		F5B46A752444B67E0007E8E4 /* VideoModel.swift */ = {isa = PBXFileReference; lastKnownFileType = sourcecode.swift; path = VideoModel.swift; sourceTree = "<group>"; };
		F5B46A772444B69E0007E8E4 /* PlaylistModel.swift */ = {isa = PBXFileReference; lastKnownFileType = sourcecode.swift; path = PlaylistModel.swift; sourceTree = "<group>"; };
		F5C6A8762444BC8300716E96 /* PlaylistFirebaseHelper.swift */ = {isa = PBXFileReference; lastKnownFileType = sourcecode.swift; path = PlaylistFirebaseHelper.swift; sourceTree = "<group>"; };
		F5C8161B24580D4900900412 /* SubtitlesFirebaseHelper.swift */ = {isa = PBXFileReference; lastKnownFileType = sourcecode.swift; path = SubtitlesFirebaseHelper.swift; sourceTree = "<group>"; };
		F5C9988B247EB9C3000D6716 /* StudyViewController.swift */ = {isa = PBXFileReference; fileEncoding = 4; lastKnownFileType = sourcecode.swift; path = StudyViewController.swift; sourceTree = "<group>"; };
		F5C9988D247EC105000D6716 /* Level1ViewController.swift */ = {isa = PBXFileReference; lastKnownFileType = sourcecode.swift; path = Level1ViewController.swift; sourceTree = "<group>"; };
		F5C9988F247EC108000D6716 /* Level2ViewController.swift */ = {isa = PBXFileReference; lastKnownFileType = sourcecode.swift; path = Level2ViewController.swift; sourceTree = "<group>"; };
		F5C99891247EC10A000D6716 /* Level3ViewController.swift */ = {isa = PBXFileReference; lastKnownFileType = sourcecode.swift; path = Level3ViewController.swift; sourceTree = "<group>"; };
		F5C99893247EC10B000D6716 /* Level4ViewController.swift */ = {isa = PBXFileReference; lastKnownFileType = sourcecode.swift; path = Level4ViewController.swift; sourceTree = "<group>"; };
		F5CE9EB22444958B009EB618 /* engTube.app */ = {isa = PBXFileReference; explicitFileType = wrapper.application; includeInIndex = 0; path = engTube.app; sourceTree = BUILT_PRODUCTS_DIR; };
		F5CE9EB52444958B009EB618 /* AppDelegate.swift */ = {isa = PBXFileReference; lastKnownFileType = sourcecode.swift; path = AppDelegate.swift; sourceTree = "<group>"; };
		F5CE9EB72444958B009EB618 /* SceneDelegate.swift */ = {isa = PBXFileReference; lastKnownFileType = sourcecode.swift; path = SceneDelegate.swift; sourceTree = "<group>"; };
		F5CE9EBC2444958B009EB618 /* Base */ = {isa = PBXFileReference; lastKnownFileType = file.storyboard; name = Base; path = Base.lproj/Main.storyboard; sourceTree = "<group>"; };
		F5CE9EBF2444958B009EB618 /* Cool_Eng.xcdatamodel */ = {isa = PBXFileReference; lastKnownFileType = wrapper.xcdatamodel; path = Cool_Eng.xcdatamodel; sourceTree = "<group>"; };
		F5CE9EC12444958C009EB618 /* Assets.xcassets */ = {isa = PBXFileReference; lastKnownFileType = folder.assetcatalog; path = Assets.xcassets; sourceTree = "<group>"; };
		F5CE9EC42444958C009EB618 /* Base */ = {isa = PBXFileReference; lastKnownFileType = file.storyboard; name = Base; path = Base.lproj/LaunchScreen.storyboard; sourceTree = "<group>"; };
		F5CE9EC62444958C009EB618 /* Info.plist */ = {isa = PBXFileReference; lastKnownFileType = text.plist.xml; path = Info.plist; sourceTree = "<group>"; };
		F5CE9ECD2444997C009EB618 /* PlaylistsViewController.swift */ = {isa = PBXFileReference; lastKnownFileType = sourcecode.swift; path = PlaylistsViewController.swift; sourceTree = "<group>"; };
		F5CE9ECF24449D70009EB618 /* PlaylistViewModel.swift */ = {isa = PBXFileReference; lastKnownFileType = sourcecode.swift; path = PlaylistViewModel.swift; sourceTree = "<group>"; };
		F5D7A81325F791E30097FFF1 /* SettingsViewController.swift */ = {isa = PBXFileReference; lastKnownFileType = sourcecode.swift; path = SettingsViewController.swift; sourceTree = "<group>"; };
		F5E86C1A2486C3AE0077E82E /* TableViewExtension.swift */ = {isa = PBXFileReference; lastKnownFileType = sourcecode.swift; path = TableViewExtension.swift; sourceTree = "<group>"; };
		F5E86C1C2486C3DD0077E82E /* YoutubePlayerExtension.swift */ = {isa = PBXFileReference; lastKnownFileType = sourcecode.swift; path = YoutubePlayerExtension.swift; sourceTree = "<group>"; };
		F5E86C1F2486C51E0077E82E /* AdvertHelperExtension.swift */ = {isa = PBXFileReference; lastKnownFileType = sourcecode.swift; path = AdvertHelperExtension.swift; sourceTree = "<group>"; };
		F5E86C212486C57E0077E82E /* SubtitlesExtension.swift */ = {isa = PBXFileReference; lastKnownFileType = sourcecode.swift; path = SubtitlesExtension.swift; sourceTree = "<group>"; };
		F5E8E42F2445A9C400C79D4C /* YoutubePlayerExtras.swift */ = {isa = PBXFileReference; fileEncoding = 4; lastKnownFileType = sourcecode.swift; path = YoutubePlayerExtras.swift; sourceTree = "<group>"; };
		F5E8E4302445A9C500C79D4C /* YoutubePlayerView.swift */ = {isa = PBXFileReference; fileEncoding = 4; lastKnownFileType = sourcecode.swift; path = YoutubePlayerView.swift; sourceTree = "<group>"; };
		F5E8E4332445B8FF00C79D4C /* SubtitleModel.swift */ = {isa = PBXFileReference; lastKnownFileType = sourcecode.swift; path = SubtitleModel.swift; sourceTree = "<group>"; };
		F5E8E4352445F5BD00C79D4C /* PlaylistsCacheHelper.swift */ = {isa = PBXFileReference; lastKnownFileType = sourcecode.swift; path = PlaylistsCacheHelper.swift; sourceTree = "<group>"; };
		F5F8C050244B5B22002F9123 /* Cool Eng.entitlements */ = {isa = PBXFileReference; lastKnownFileType = text.plist.entitlements; path = "Cool Eng.entitlements"; sourceTree = "<group>"; };
		F5FDA6F72444AFA000AC6A9D /* PlaylistTableViewCell.swift */ = {isa = PBXFileReference; lastKnownFileType = sourcecode.swift; path = PlaylistTableViewCell.swift; sourceTree = "<group>"; };
		F5FDA6FB2444B04C00AC6A9D /* VideosListViewController.swift */ = {isa = PBXFileReference; lastKnownFileType = sourcecode.swift; path = VideosListViewController.swift; sourceTree = "<group>"; };
/* End PBXFileReference section */

/* Begin PBXFrameworksBuildPhase section */
		F5CE9EAF2444958B009EB618 /* Frameworks */ = {
			isa = PBXFrameworksBuildPhase;
			buildActionMask = 2147483647;
			files = (
				F41E68F9C744D95FC53B34DD /* Pods_Cool_Eng.framework in Frameworks */,
				F5B10094249B223800742BF5 /* StoreKit.framework in Frameworks */,
			);
			runOnlyForDeploymentPostprocessing = 0;
		};
/* End PBXFrameworksBuildPhase section */

/* Begin PBXGroup section */
		06EEC3C81E6E31EC15F46FEE /* Pods */ = {
			isa = PBXGroup;
			children = (
				954F9B72E6749571AD310654 /* Pods-Cool Eng.debug.xcconfig */,
				C9DC0C9F6A69511812593570 /* Pods-Cool Eng.release.xcconfig */,
			);
			path = Pods;
			sourceTree = "<group>";
		};
		4B7DDDB63C4CA2DCA14D1D99 /* Frameworks */ = {
			isa = PBXGroup;
			children = (
				F5B10093249B223800742BF5 /* StoreKit.framework */,
				76774B42A233CFA1A3671E34 /* Pods_Cool_Eng.framework */,
			);
			name = Frameworks;
			sourceTree = "<group>";
		};
		F504E03E260CD928000D4C8C /* EditActions */ = {
			isa = PBXGroup;
			children = (
				F504E03F260CD945000D4C8C /* EditactionsContainerViewController.swift */,
				F504E042260CD954000D4C8C /* EditActionsCollectionViewCell.swift */,
			);
			path = EditActions;
			sourceTree = "<group>";
		};
		F50C385125E13EDC00ED12A3 /* Views */ = {
			isa = PBXGroup;
			children = (
				F5210766248A8890008408D2 /* VocabulariesTableViewCell.swift */,
				F56BEB5A25E1883300C8F60A /* Cells */,
				F5A8875025E166B30040C817 /* VocabulariesTableView */,
				F50C385225E13EF700ED12A3 /* RadioButton.swift */,
			);
			path = Views;
			sourceTree = "<group>";
		};
		F5210763248A883B008408D2 /* Vocabularies Start Screen */ = {
			isa = PBXGroup;
			children = (
				F504E03E260CD928000D4C8C /* EditActions */,
				F5210761248A7AAC008408D2 /* VocabulariesViewController.swift */,
				F531A0D325FD286400177F50 /* EmbededVocabularyViewController.swift */,
			);
			path = "Vocabularies Start Screen";
			sourceTree = "<group>";
		};
		F52F4A082478421F000BE9E6 /* Dictionary */ = {
			isa = PBXGroup;
			children = (
				F541A64424D49FD800FA452C /* dictionary.txt */,
				F52F4A0B247842B6000BE9E6 /* DictionaryManager.swift */,
			);
			path = Dictionary;
			sourceTree = "<group>";
		};
		F53E16052490F67200EA594A /* Recall */ = {
			isa = PBXGroup;
			children = (
				F53E16062490F68700EA594A /* RecallViewController.swift */,
			);
			path = Recall;
			sourceTree = "<group>";
		};
		F548BBDD2444DBC900AE060C /* Flow */ = {
			isa = PBXGroup;
			children = (
				F5D7A81225F791BF0097FFF1 /* Settings */,
				F5E86C252486C6C90077E82E /* Videos part */,
				F5C99888247EB966000D6716 /* Vocabulary */,
				F5871714247BC70C00E4506D /* VocabularyBox */,
			);
			path = Flow;
			sourceTree = "<group>";
		};
		F548BBDE2444DBE200AE060C /* VideoPlayer */ = {
			isa = PBXGroup;
			children = (
				F596FCB1247A824D00E140C4 /* SubtitlesTableViewCell.swift */,
				F548BBDF2444DC2700AE060C /* VideoPlayerViewController.swift */,
				F5E86C1E2486C3ED0077E82E /* extensions */,
			);
			path = VideoPlayer;
			sourceTree = "<group>";
		};
		F54AFEFE260364970027393A /* Notifying */ = {
			isa = PBXGroup;
			children = (
				F54AFEFF260364B00027393A /* VocabularyNotificationViewController.swift */,
			);
			path = Notifying;
			sourceTree = "<group>";
		};
		F54C9737248E30F50019930D /* WordsLearning */ = {
			isa = PBXGroup;
			children = (
				F54C973A248E37EF0019930D /* VocabularyLevels */,
				F5C9988B247EB9C3000D6716 /* StudyViewController.swift */,
				F54C9738248E31490019930D /* LearnCollectionViewCell.swift */,
			);
			path = WordsLearning;
			sourceTree = "<group>";
		};
		F54C973A248E37EF0019930D /* VocabularyLevels */ = {
			isa = PBXGroup;
			children = (
				F5C9988D247EC105000D6716 /* Level1ViewController.swift */,
				F5C9988F247EC108000D6716 /* Level2ViewController.swift */,
				F5C99891247EC10A000D6716 /* Level3ViewController.swift */,
				F5C99893247EC10B000D6716 /* Level4ViewController.swift */,
			);
			path = VocabularyLevels;
			sourceTree = "<group>";
		};
		F55666B7246EA95A002C3821 /* Extensions */ = {
			isa = PBXGroup;
			children = (
				F55666B8246EA96E002C3821 /* ToastMessage.swift */,
				F5210768248A88C9008408D2 /* BlurView.swift */,
				F54C9735248E30C50019930D /* PastelExtension.swift */,
				F536009E24FA996C00210556 /* GeneralExtensions.swift */,
			);
			path = Extensions;
			sourceTree = "<group>";
		};
		F56BEB5A25E1883300C8F60A /* Cells */ = {
			isa = PBXGroup;
			children = (
				F541726E248A376A005AA224 /* VocabularyBoxTableViewCell.swift */,
			);
			path = Cells;
			sourceTree = "<group>";
		};
		F5871714247BC70C00E4506D /* VocabularyBox */ = {
			isa = PBXGroup;
			children = (
				F5871715247BC72900E4506D /* VocabularyBoxViewController.swift */,
			);
			path = VocabularyBox;
			sourceTree = "<group>";
		};
		F58D77C5252A4A9A00DDC3C8 /* ActiveLabelGroup */ = {
			isa = PBXGroup;
			children = (
				F59D9B5A252A5053003B0ADB /* ActiveLabel.swift */,
				F59D9B5F252A5117003B0ADB /* ActiveBuilder.swift */,
				F59D9B60252A5118003B0ADB /* ActiveType.swift */,
				F59D9B5E252A5117003B0ADB /* RegexParser.swift */,
				F59D9B5D252A5116003B0ADB /* StringTrimExtension.swift */,
			);
			path = ActiveLabelGroup;
			sourceTree = "<group>";
		};
		F5A8875025E166B30040C817 /* VocabulariesTableView */ = {
			isa = PBXGroup;
			children = (
				F5A8878725E171A30040C817 /* Cell */,
				F50C385625E14F1A00ED12A3 /* VocabularyTableView.swift */,
			);
			path = VocabulariesTableView;
			sourceTree = "<group>";
		};
		F5A8878725E171A30040C817 /* Cell */ = {
			isa = PBXGroup;
			children = (
				F5A8876225E16BC00040C817 /* VocabularyTableViewCell.xib */,
				F5A8876125E16BC00040C817 /* VocabularyTableViewCell.swift */,
			);
			path = Cell;
			sourceTree = "<group>";
		};
		F5B46A742444B66E0007E8E4 /* Models */ = {
			isa = PBXGroup;
			children = (
				F5B46A752444B67E0007E8E4 /* VideoModel.swift */,
				F5B46A772444B69E0007E8E4 /* PlaylistModel.swift */,
				F5E8E4332445B8FF00C79D4C /* SubtitleModel.swift */,
				F50EDCEB24C4464200A7ED1E /* EnglishLevel.swift */,
			);
			path = Models;
			sourceTree = "<group>";
		};
		F5C6A8752444BC6800716E96 /* Services */ = {
			isa = PBXGroup;
			children = (
				F58D77C5252A4A9A00DDC3C8 /* ActiveLabelGroup */,
				F52F4A082478421F000BE9E6 /* Dictionary */,
				F55666B7246EA95A002C3821 /* Extensions */,
				F5C8161D24580D4E00900412 /* Firebase */,
				F5E8E42E2445A99900C79D4C /* VideoPlayer */,
				F5E8E4352445F5BD00C79D4C /* PlaylistsCacheHelper.swift */,
				F523A7D725E4F0B700E3C008 /* WordsHelper.swift */,
			);
			path = Services;
			sourceTree = "<group>";
		};
		F5C8161D24580D4E00900412 /* Firebase */ = {
			isa = PBXGroup;
			children = (
				F5C6A8762444BC8300716E96 /* PlaylistFirebaseHelper.swift */,
				F548BBDB2444CA8900AE060C /* VideoFirebaseHelper.swift */,
				F5C8161B24580D4900900412 /* SubtitlesFirebaseHelper.swift */,
			);
			path = Firebase;
			sourceTree = "<group>";
		};
		F5C99888247EB966000D6716 /* Vocabulary */ = {
			isa = PBXGroup;
			children = (
				F54AFEFE260364970027393A /* Notifying */,
				F5210763248A883B008408D2 /* Vocabularies Start Screen */,
				F54C9737248E30F50019930D /* WordsLearning */,
				F53E16052490F67200EA594A /* Recall */,
			);
			path = Vocabulary;
			sourceTree = "<group>";
		};
		F5CE9EA92444958B009EB618 = {
			isa = PBXGroup;
			children = (
				F5CE9EB42444958B009EB618 /* Cool Eng */,
				F5CE9EB32444958B009EB618 /* Products */,
				06EEC3C81E6E31EC15F46FEE /* Pods */,
				4B7DDDB63C4CA2DCA14D1D99 /* Frameworks */,
			);
			sourceTree = "<group>";
		};
		F5CE9EB32444958B009EB618 /* Products */ = {
			isa = PBXGroup;
			children = (
				F5CE9EB22444958B009EB618 /* engTube.app */,
			);
			name = Products;
			sourceTree = "<group>";
		};
		F5CE9EB42444958B009EB618 /* Cool Eng */ = {
			isa = PBXGroup;
			children = (
				F53FBD8224A6659400F8B0E8 /* rSwipe_White.json */,
				F53FBD8024A65FDB00F8B0E8 /* rSwipe.json */,
				F5F8C050244B5B22002F9123 /* Cool Eng.entitlements */,
				F5C6A8752444BC6800716E96 /* Services */,
				F5B46A742444B66E0007E8E4 /* Models */,
				F50C385125E13EDC00ED12A3 /* Views */,
				F548BBDD2444DBC900AE060C /* Flow */,
				F5CE9EB52444958B009EB618 /* AppDelegate.swift */,
				F5CE9EB72444958B009EB618 /* SceneDelegate.swift */,
				F5CE9EBB2444958B009EB618 /* Main.storyboard */,
				F5CE9EC12444958C009EB618 /* Assets.xcassets */,
				F5CE9EC32444958C009EB618 /* LaunchScreen.storyboard */,
				F5360F14246F087100550559 /* GoogleService-Info.plist */,
				F5CE9EC62444958C009EB618 /* Info.plist */,
				F5CE9EBE2444958B009EB618 /* Cool_Eng.xcdatamodeld */,
				F552AF82249D040F008F7439 /* PurchaseViewController.swift */,
				F53FC9BE24A24F0C0078025D /* IAPViewController.swift */,
			);
			path = "Cool Eng";
			sourceTree = "<group>";
		};
		F5CE9ECC24449957009EB618 /* Playlists */ = {
			isa = PBXGroup;
			children = (
				F5CE9ECD2444997C009EB618 /* PlaylistsViewController.swift */,
				F5CE9ECF24449D70009EB618 /* PlaylistViewModel.swift */,
				F5FDA6F72444AFA000AC6A9D /* PlaylistTableViewCell.swift */,
			);
			path = Playlists;
			sourceTree = "<group>";
		};
		F5D7A81225F791BF0097FFF1 /* Settings */ = {
			isa = PBXGroup;
			children = (
				F5D7A81325F791E30097FFF1 /* SettingsViewController.swift */,
			);
			path = Settings;
			sourceTree = "<group>";
		};
		F5E86C1E2486C3ED0077E82E /* extensions */ = {
			isa = PBXGroup;
			children = (
				F5E86C1F2486C51E0077E82E /* AdvertHelperExtension.swift */,
				F5E86C212486C57E0077E82E /* SubtitlesExtension.swift */,
				F5E86C1A2486C3AE0077E82E /* TableViewExtension.swift */,
				F5E86C1C2486C3DD0077E82E /* YoutubePlayerExtension.swift */,
			);
			path = extensions;
			sourceTree = "<group>";
		};
		F5E86C252486C6C90077E82E /* Videos part */ = {
			isa = PBXGroup;
			children = (
				F5CE9ECC24449957009EB618 /* Playlists */,
				F5FDA6F92444B01C00AC6A9D /* VideosList */,
				F548BBDE2444DBE200AE060C /* VideoPlayer */,
			);
			path = "Videos part";
			sourceTree = "<group>";
		};
		F5E8E42E2445A99900C79D4C /* VideoPlayer */ = {
			isa = PBXGroup;
			children = (
				F5E8E42F2445A9C400C79D4C /* YoutubePlayerExtras.swift */,
				F5E8E4302445A9C500C79D4C /* YoutubePlayerView.swift */,
			);
			path = VideoPlayer;
			sourceTree = "<group>";
		};
		F5FDA6F92444B01C00AC6A9D /* VideosList */ = {
			isa = PBXGroup;
			children = (
				F5FDA6FB2444B04C00AC6A9D /* VideosListViewController.swift */,
			);
			path = VideosList;
			sourceTree = "<group>";
		};
/* End PBXGroup section */

/* Begin PBXNativeTarget section */
		F5CE9EB12444958B009EB618 /* Cool Eng */ = {
			isa = PBXNativeTarget;
			buildConfigurationList = F5CE9EC92444958C009EB618 /* Build configuration list for PBXNativeTarget "Cool Eng" */;
			buildPhases = (
				E9C0C72669C25092E1DF7D95 /* [CP] Check Pods Manifest.lock */,
				F5CE9EAE2444958B009EB618 /* Sources */,
				F5CE9EAF2444958B009EB618 /* Frameworks */,
				F5CE9EB02444958B009EB618 /* Resources */,
				B1CFC6BB7194DCC6307B5993 /* [CP] Embed Pods Frameworks */,
			);
			buildRules = (
			);
			dependencies = (
			);
			name = "Cool Eng";
			productName = "Cool Eng";
			productReference = F5CE9EB22444958B009EB618 /* engTube.app */;
			productType = "com.apple.product-type.application";
		};
/* End PBXNativeTarget section */

/* Begin PBXProject section */
		F5CE9EAA2444958B009EB618 /* Project object */ = {
			isa = PBXProject;
			attributes = {
				LastSwiftUpdateCheck = 1130;
				LastUpgradeCheck = 1130;
				ORGANIZATIONNAME = "Ivan Chernetskiy";
				TargetAttributes = {
					F5CE9EB12444958B009EB618 = {
						CreatedOnToolsVersion = 11.3.1;
						LastSwiftMigration = 1230;
					};
				};
			};
			buildConfigurationList = F5CE9EAD2444958B009EB618 /* Build configuration list for PBXProject "Cool Eng" */;
			compatibilityVersion = "Xcode 9.3";
			developmentRegion = en;
			hasScannedForEncodings = 0;
			knownRegions = (
				en,
				Base,
			);
			mainGroup = F5CE9EA92444958B009EB618;
			productRefGroup = F5CE9EB32444958B009EB618 /* Products */;
			projectDirPath = "";
			projectRoot = "";
			targets = (
				F5CE9EB12444958B009EB618 /* Cool Eng */,
			);
		};
/* End PBXProject section */

/* Begin PBXResourcesBuildPhase section */
		F5CE9EB02444958B009EB618 /* Resources */ = {
			isa = PBXResourcesBuildPhase;
			buildActionMask = 2147483647;
			files = (
				F5CE9EC52444958C009EB618 /* LaunchScreen.storyboard in Resources */,
				F5360F15246F087100550559 /* GoogleService-Info.plist in Resources */,
				F53FBD8124A65FDB00F8B0E8 /* rSwipe.json in Resources */,
				F541A64524D49FD800FA452C /* dictionary.txt in Resources */,
				F5CE9EC22444958C009EB618 /* Assets.xcassets in Resources */,
				F5A8876425E16BC00040C817 /* VocabularyTableViewCell.xib in Resources */,
				F5CE9EBD2444958B009EB618 /* Main.storyboard in Resources */,
				F53FBD8324A6659500F8B0E8 /* rSwipe_White.json in Resources */,
			);
			runOnlyForDeploymentPostprocessing = 0;
		};
/* End PBXResourcesBuildPhase section */

/* Begin PBXShellScriptBuildPhase section */
		B1CFC6BB7194DCC6307B5993 /* [CP] Embed Pods Frameworks */ = {
			isa = PBXShellScriptBuildPhase;
			buildActionMask = 2147483647;
			files = (
			);
			inputFileListPaths = (
				"${PODS_ROOT}/Target Support Files/Pods-Cool Eng/Pods-Cool Eng-frameworks-${CONFIGURATION}-input-files.xcfilelist",
			);
			name = "[CP] Embed Pods Frameworks";
			outputFileListPaths = (
				"${PODS_ROOT}/Target Support Files/Pods-Cool Eng/Pods-Cool Eng-frameworks-${CONFIGURATION}-output-files.xcfilelist",
			);
			runOnlyForDeploymentPostprocessing = 0;
			shellPath = /bin/sh;
			shellScript = "\"${PODS_ROOT}/Target Support Files/Pods-Cool Eng/Pods-Cool Eng-frameworks.sh\"\n";
			showEnvVarsInLog = 0;
		};
		E9C0C72669C25092E1DF7D95 /* [CP] Check Pods Manifest.lock */ = {
			isa = PBXShellScriptBuildPhase;
			buildActionMask = 2147483647;
			files = (
			);
			inputFileListPaths = (
			);
			inputPaths = (
				"${PODS_PODFILE_DIR_PATH}/Podfile.lock",
				"${PODS_ROOT}/Manifest.lock",
			);
			name = "[CP] Check Pods Manifest.lock";
			outputFileListPaths = (
			);
			outputPaths = (
				"$(DERIVED_FILE_DIR)/Pods-Cool Eng-checkManifestLockResult.txt",
			);
			runOnlyForDeploymentPostprocessing = 0;
			shellPath = /bin/sh;
			shellScript = "diff \"${PODS_PODFILE_DIR_PATH}/Podfile.lock\" \"${PODS_ROOT}/Manifest.lock\" > /dev/null\nif [ $? != 0 ] ; then\n    # print error to STDERR\n    echo \"error: The sandbox is not in sync with the Podfile.lock. Run 'pod install' or update your CocoaPods installation.\" >&2\n    exit 1\nfi\n# This output is used by Xcode 'outputs' to avoid re-running this script phase.\necho \"SUCCESS\" > \"${SCRIPT_OUTPUT_FILE_0}\"\n";
			showEnvVarsInLog = 0;
		};
/* End PBXShellScriptBuildPhase section */

/* Begin PBXSourcesBuildPhase section */
		F5CE9EAE2444958B009EB618 /* Sources */ = {
			isa = PBXSourcesBuildPhase;
			buildActionMask = 2147483647;
			files = (
				F54C9739248E31490019930D /* LearnCollectionViewCell.swift in Sources */,
				F5CE9ED024449D70009EB618 /* PlaylistViewModel.swift in Sources */,
				F5E8E4322445A9C500C79D4C /* YoutubePlayerView.swift in Sources */,
				F5E86C1B2486C3AE0077E82E /* TableViewExtension.swift in Sources */,
				F5210767248A8890008408D2 /* VocabulariesTableViewCell.swift in Sources */,
				F596FCB2247A824D00E140C4 /* SubtitlesTableViewCell.swift in Sources */,
				F5CE9ECE2444997C009EB618 /* PlaylistsViewController.swift in Sources */,
				F548BBE02444DC2700AE060C /* VideoPlayerViewController.swift in Sources */,
				F5FDA6F82444AFA000AC6A9D /* PlaylistTableViewCell.swift in Sources */,
				F523A7D825E4F0B700E3C008 /* WordsHelper.swift in Sources */,
				F5B46A782444B69E0007E8E4 /* PlaylistModel.swift in Sources */,
				F59D9B62252A5118003B0ADB /* RegexParser.swift in Sources */,
				F5C99894247EC10C000D6716 /* Level4ViewController.swift in Sources */,
				F548BBDC2444CA8900AE060C /* VideoFirebaseHelper.swift in Sources */,
				F504E040260CD945000D4C8C /* EditactionsContainerViewController.swift in Sources */,
				F504E043260CD954000D4C8C /* EditActionsCollectionViewCell.swift in Sources */,
				F54AFF00260364B00027393A /* VocabularyNotificationViewController.swift in Sources */,
				F53FC9BF24A24F0C0078025D /* IAPViewController.swift in Sources */,
				F5B46A762444B67E0007E8E4 /* VideoModel.swift in Sources */,
				F5C6A8772444BC8300716E96 /* PlaylistFirebaseHelper.swift in Sources */,
				F5CE9EB62444958B009EB618 /* AppDelegate.swift in Sources */,
				F5C8161C24580D4900900412 /* SubtitlesFirebaseHelper.swift in Sources */,
				F5E86C222486C57E0077E82E /* SubtitlesExtension.swift in Sources */,
				F50C385325E13EF700ED12A3 /* RadioButton.swift in Sources */,
				F5C9988C247EB9C4000D6716 /* StudyViewController.swift in Sources */,
				F5D7A81425F791E30097FFF1 /* SettingsViewController.swift in Sources */,
				F5A8876325E16BC00040C817 /* VocabularyTableViewCell.swift in Sources */,
				F5E86C1D2486C3DD0077E82E /* YoutubePlayerExtension.swift in Sources */,
				F531A0D425FD286400177F50 /* EmbededVocabularyViewController.swift in Sources */,
				F552AF83249D040F008F7439 /* PurchaseViewController.swift in Sources */,
				F5C99890247EC108000D6716 /* Level2ViewController.swift in Sources */,
				F541726F248A376A005AA224 /* VocabularyBoxTableViewCell.swift in Sources */,
				F5E8E4342445B8FF00C79D4C /* SubtitleModel.swift in Sources */,
				F5CE9EB82444958B009EB618 /* SceneDelegate.swift in Sources */,
				F5C99892247EC10A000D6716 /* Level3ViewController.swift in Sources */,
				F59D9B5B252A5053003B0ADB /* ActiveLabel.swift in Sources */,
				F50EDCEC24C4464200A7ED1E /* EnglishLevel.swift in Sources */,
				F5E8E4312445A9C500C79D4C /* YoutubePlayerExtras.swift in Sources */,
				F52F4A0C247842B6000BE9E6 /* DictionaryManager.swift in Sources */,
				F50C385725E14F1A00ED12A3 /* VocabularyTableView.swift in Sources */,
				F59D9B61252A5118003B0ADB /* StringTrimExtension.swift in Sources */,
				F536009F24FA996C00210556 /* GeneralExtensions.swift in Sources */,
				F55666B9246EA96E002C3821 /* ToastMessage.swift in Sources */,
				F54C9736248E30C50019930D /* PastelExtension.swift in Sources */,
				F5FDA6FC2444B04C00AC6A9D /* VideosListViewController.swift in Sources */,
				F5E8E4362445F5BD00C79D4C /* PlaylistsCacheHelper.swift in Sources */,
				F5C9988E247EC105000D6716 /* Level1ViewController.swift in Sources */,
				F5871716247BC72900E4506D /* VocabularyBoxViewController.swift in Sources */,
				F5210762248A7AAC008408D2 /* VocabulariesViewController.swift in Sources */,
				F59D9B64252A5118003B0ADB /* ActiveType.swift in Sources */,
				F5210769248A88C9008408D2 /* BlurView.swift in Sources */,
				F5CE9EC02444958B009EB618 /* Cool_Eng.xcdatamodeld in Sources */,
				F53E16072490F68700EA594A /* RecallViewController.swift in Sources */,
				F5E86C202486C51E0077E82E /* AdvertHelperExtension.swift in Sources */,
				F59D9B63252A5118003B0ADB /* ActiveBuilder.swift in Sources */,
			);
			runOnlyForDeploymentPostprocessing = 0;
		};
/* End PBXSourcesBuildPhase section */

/* Begin PBXVariantGroup section */
		F5CE9EBB2444958B009EB618 /* Main.storyboard */ = {
			isa = PBXVariantGroup;
			children = (
				F5CE9EBC2444958B009EB618 /* Base */,
			);
			name = Main.storyboard;
			sourceTree = "<group>";
		};
		F5CE9EC32444958C009EB618 /* LaunchScreen.storyboard */ = {
			isa = PBXVariantGroup;
			children = (
				F5CE9EC42444958C009EB618 /* Base */,
			);
			name = LaunchScreen.storyboard;
			sourceTree = "<group>";
		};
/* End PBXVariantGroup section */

/* Begin XCBuildConfiguration section */
		F5CE9EC72444958C009EB618 /* Debug */ = {
			isa = XCBuildConfiguration;
			buildSettings = {
				ALWAYS_SEARCH_USER_PATHS = NO;
				CLANG_ANALYZER_NONNULL = YES;
				CLANG_ANALYZER_NUMBER_OBJECT_CONVERSION = YES_AGGRESSIVE;
				CLANG_CXX_LANGUAGE_STANDARD = "gnu++14";
				CLANG_CXX_LIBRARY = "libc++";
				CLANG_ENABLE_MODULES = YES;
				CLANG_ENABLE_OBJC_ARC = YES;
				CLANG_ENABLE_OBJC_WEAK = YES;
				CLANG_WARN_BLOCK_CAPTURE_AUTORELEASING = YES;
				CLANG_WARN_BOOL_CONVERSION = YES;
				CLANG_WARN_COMMA = YES;
				CLANG_WARN_CONSTANT_CONVERSION = YES;
				CLANG_WARN_DEPRECATED_OBJC_IMPLEMENTATIONS = YES;
				CLANG_WARN_DIRECT_OBJC_ISA_USAGE = YES_ERROR;
				CLANG_WARN_DOCUMENTATION_COMMENTS = YES;
				CLANG_WARN_EMPTY_BODY = YES;
				CLANG_WARN_ENUM_CONVERSION = YES;
				CLANG_WARN_INFINITE_RECURSION = YES;
				CLANG_WARN_INT_CONVERSION = YES;
				CLANG_WARN_NON_LITERAL_NULL_CONVERSION = YES;
				CLANG_WARN_OBJC_IMPLICIT_RETAIN_SELF = YES;
				CLANG_WARN_OBJC_LITERAL_CONVERSION = YES;
				CLANG_WARN_OBJC_ROOT_CLASS = YES_ERROR;
				CLANG_WARN_RANGE_LOOP_ANALYSIS = YES;
				CLANG_WARN_STRICT_PROTOTYPES = YES;
				CLANG_WARN_SUSPICIOUS_MOVE = YES;
				CLANG_WARN_UNGUARDED_AVAILABILITY = YES_AGGRESSIVE;
				CLANG_WARN_UNREACHABLE_CODE = YES;
				CLANG_WARN__DUPLICATE_METHOD_MATCH = YES;
				COPY_PHASE_STRIP = NO;
				DEBUG_INFORMATION_FORMAT = dwarf;
				ENABLE_STRICT_OBJC_MSGSEND = YES;
				ENABLE_TESTABILITY = YES;
				GCC_C_LANGUAGE_STANDARD = gnu11;
				GCC_DYNAMIC_NO_PIC = NO;
				GCC_NO_COMMON_BLOCKS = YES;
				GCC_OPTIMIZATION_LEVEL = 0;
				GCC_PREPROCESSOR_DEFINITIONS = (
					"DEBUG=1",
					"$(inherited)",
				);
				GCC_WARN_64_TO_32_BIT_CONVERSION = YES;
				GCC_WARN_ABOUT_RETURN_TYPE = YES_ERROR;
				GCC_WARN_UNDECLARED_SELECTOR = YES;
				GCC_WARN_UNINITIALIZED_AUTOS = YES_AGGRESSIVE;
				GCC_WARN_UNUSED_FUNCTION = YES;
				GCC_WARN_UNUSED_VARIABLE = YES;
				IPHONEOS_DEPLOYMENT_TARGET = 13.2;
				MTL_ENABLE_DEBUG_INFO = INCLUDE_SOURCE;
				MTL_FAST_MATH = YES;
				ONLY_ACTIVE_ARCH = YES;
				SDKROOT = iphoneos;
				SWIFT_ACTIVE_COMPILATION_CONDITIONS = DEBUG;
				SWIFT_OPTIMIZATION_LEVEL = "-Onone";
			};
			name = Debug;
		};
		F5CE9EC82444958C009EB618 /* Release */ = {
			isa = XCBuildConfiguration;
			buildSettings = {
				ALWAYS_SEARCH_USER_PATHS = NO;
				CLANG_ANALYZER_NONNULL = YES;
				CLANG_ANALYZER_NUMBER_OBJECT_CONVERSION = YES_AGGRESSIVE;
				CLANG_CXX_LANGUAGE_STANDARD = "gnu++14";
				CLANG_CXX_LIBRARY = "libc++";
				CLANG_ENABLE_MODULES = YES;
				CLANG_ENABLE_OBJC_ARC = YES;
				CLANG_ENABLE_OBJC_WEAK = YES;
				CLANG_WARN_BLOCK_CAPTURE_AUTORELEASING = YES;
				CLANG_WARN_BOOL_CONVERSION = YES;
				CLANG_WARN_COMMA = YES;
				CLANG_WARN_CONSTANT_CONVERSION = YES;
				CLANG_WARN_DEPRECATED_OBJC_IMPLEMENTATIONS = YES;
				CLANG_WARN_DIRECT_OBJC_ISA_USAGE = YES_ERROR;
				CLANG_WARN_DOCUMENTATION_COMMENTS = YES;
				CLANG_WARN_EMPTY_BODY = YES;
				CLANG_WARN_ENUM_CONVERSION = YES;
				CLANG_WARN_INFINITE_RECURSION = YES;
				CLANG_WARN_INT_CONVERSION = YES;
				CLANG_WARN_NON_LITERAL_NULL_CONVERSION = YES;
				CLANG_WARN_OBJC_IMPLICIT_RETAIN_SELF = YES;
				CLANG_WARN_OBJC_LITERAL_CONVERSION = YES;
				CLANG_WARN_OBJC_ROOT_CLASS = YES_ERROR;
				CLANG_WARN_RANGE_LOOP_ANALYSIS = YES;
				CLANG_WARN_STRICT_PROTOTYPES = YES;
				CLANG_WARN_SUSPICIOUS_MOVE = YES;
				CLANG_WARN_UNGUARDED_AVAILABILITY = YES_AGGRESSIVE;
				CLANG_WARN_UNREACHABLE_CODE = YES;
				CLANG_WARN__DUPLICATE_METHOD_MATCH = YES;
				COPY_PHASE_STRIP = NO;
				DEBUG_INFORMATION_FORMAT = "dwarf-with-dsym";
				ENABLE_NS_ASSERTIONS = NO;
				ENABLE_STRICT_OBJC_MSGSEND = YES;
				GCC_C_LANGUAGE_STANDARD = gnu11;
				GCC_NO_COMMON_BLOCKS = YES;
				GCC_WARN_64_TO_32_BIT_CONVERSION = YES;
				GCC_WARN_ABOUT_RETURN_TYPE = YES_ERROR;
				GCC_WARN_UNDECLARED_SELECTOR = YES;
				GCC_WARN_UNINITIALIZED_AUTOS = YES_AGGRESSIVE;
				GCC_WARN_UNUSED_FUNCTION = YES;
				GCC_WARN_UNUSED_VARIABLE = YES;
				IPHONEOS_DEPLOYMENT_TARGET = 13.2;
				MTL_ENABLE_DEBUG_INFO = NO;
				MTL_FAST_MATH = YES;
				SDKROOT = iphoneos;
				SWIFT_COMPILATION_MODE = wholemodule;
				SWIFT_OPTIMIZATION_LEVEL = "-O";
				VALIDATE_PRODUCT = YES;
			};
			name = Release;
		};
		F5CE9ECA2444958C009EB618 /* Debug */ = {
			isa = XCBuildConfiguration;
			baseConfigurationReference = 954F9B72E6749571AD310654 /* Pods-Cool Eng.debug.xcconfig */;
			buildSettings = {
				ASSETCATALOG_COMPILER_APPICON_NAME = AppIcon;
				CLANG_ENABLE_MODULES = YES;
				CODE_SIGN_ENTITLEMENTS = "Cool Eng/Cool Eng.entitlements";
				CODE_SIGN_STYLE = Automatic;
				CURRENT_PROJECT_VERSION = 10;
				DEVELOPMENT_TEAM = Z6SVM5W336;
				INFOPLIST_FILE = "Cool Eng/Info.plist";
				IPHONEOS_DEPLOYMENT_TARGET = 13.0;
				LD_RUNPATH_SEARCH_PATHS = (
					"$(inherited)",
					"@executable_path/Frameworks",
				);
				MARKETING_VERSION = 1.16;
				PRODUCT_BUNDLE_IDENTIFIER = "com.inch70798.cool-eng";
				PRODUCT_NAME = engTube;
				SWIFT_OPTIMIZATION_LEVEL = "-Onone";
				SWIFT_VERSION = 5.0;
				TARGETED_DEVICE_FAMILY = 1;
			};
			name = Debug;
		};
		F5CE9ECB2444958C009EB618 /* Release */ = {
			isa = XCBuildConfiguration;
			baseConfigurationReference = C9DC0C9F6A69511812593570 /* Pods-Cool Eng.release.xcconfig */;
			buildSettings = {
				ASSETCATALOG_COMPILER_APPICON_NAME = AppIcon;
				CLANG_ENABLE_MODULES = YES;
				CODE_SIGN_ENTITLEMENTS = "Cool Eng/Cool Eng.entitlements";
				CODE_SIGN_STYLE = Automatic;
				CURRENT_PROJECT_VERSION = 10;
				DEVELOPMENT_TEAM = Z6SVM5W336;
				INFOPLIST_FILE = "Cool Eng/Info.plist";
				IPHONEOS_DEPLOYMENT_TARGET = 13.0;
				LD_RUNPATH_SEARCH_PATHS = (
					"$(inherited)",
					"@executable_path/Frameworks",
				);
				MARKETING_VERSION = 1.16;
				PRODUCT_BUNDLE_IDENTIFIER = "com.inch70798.cool-eng";
				PRODUCT_NAME = engTube;
				SWIFT_VERSION = 5.0;
				TARGETED_DEVICE_FAMILY = 1;
			};
			name = Release;
		};
/* End XCBuildConfiguration section */

/* Begin XCConfigurationList section */
		F5CE9EAD2444958B009EB618 /* Build configuration list for PBXProject "Cool Eng" */ = {
			isa = XCConfigurationList;
			buildConfigurations = (
				F5CE9EC72444958C009EB618 /* Debug */,
				F5CE9EC82444958C009EB618 /* Release */,
			);
			defaultConfigurationIsVisible = 0;
			defaultConfigurationName = Release;
		};
		F5CE9EC92444958C009EB618 /* Build configuration list for PBXNativeTarget "Cool Eng" */ = {
			isa = XCConfigurationList;
			buildConfigurations = (
				F5CE9ECA2444958C009EB618 /* Debug */,
				F5CE9ECB2444958C009EB618 /* Release */,
			);
			defaultConfigurationIsVisible = 0;
			defaultConfigurationName = Release;
		};
/* End XCConfigurationList section */

/* Begin XCVersionGroup section */
		F5CE9EBE2444958B009EB618 /* Cool_Eng.xcdatamodeld */ = {
			isa = XCVersionGroup;
			children = (
				F5CE9EBF2444958B009EB618 /* Cool_Eng.xcdatamodel */,
			);
			currentVersion = F5CE9EBF2444958B009EB618 /* Cool_Eng.xcdatamodel */;
			path = Cool_Eng.xcdatamodeld;
			sourceTree = "<group>";
			versionGroupType = wrapper.xcdatamodel;
		};
/* End XCVersionGroup section */
	};
	rootObject = F5CE9EAA2444958B009EB618 /* Project object */;
}
