// !$*UTF8*$!
{
	archiveVersion = 1;
	classes = {
	};
	objectVersion = 51;
	objects = {

/* Begin PBXBuildFile section */
		F41E68F9C744D95FC53B34DD /* Pods_Cool_Eng.framework in Frameworks */ = {isa = PBXBuildFile; fileRef = 76774B42A233CFA1A3671E34 /* Pods_Cool_Eng.framework */; };
		F548BBDC2444CA8900AE060C /* VideoFirebaseHelper.swift in Sources */ = {isa = PBXBuildFile; fileRef = F548BBDB2444CA8900AE060C /* VideoFirebaseHelper.swift */; };
		F548BBE02444DC2700AE060C /* VideoPlayerViewController.swift in Sources */ = {isa = PBXBuildFile; fileRef = F548BBDF2444DC2700AE060C /* VideoPlayerViewController.swift */; };
		F5B46A762444B67E0007E8E4 /* VideoModel.swift in Sources */ = {isa = PBXBuildFile; fileRef = F5B46A752444B67E0007E8E4 /* VideoModel.swift */; };
		F5B46A782444B69E0007E8E4 /* PlaylistModel.swift in Sources */ = {isa = PBXBuildFile; fileRef = F5B46A772444B69E0007E8E4 /* PlaylistModel.swift */; };
		F5C6A8742444BBF800716E96 /* GoogleService-Info.plist in Resources */ = {isa = PBXBuildFile; fileRef = F5C6A8732444BBF800716E96 /* GoogleService-Info.plist */; };
		F5C6A8772444BC8300716E96 /* PlaylistFirebaseHelper.swift in Sources */ = {isa = PBXBuildFile; fileRef = F5C6A8762444BC8300716E96 /* PlaylistFirebaseHelper.swift */; };
		F5CE9EB62444958B009EB618 /* AppDelegate.swift in Sources */ = {isa = PBXBuildFile; fileRef = F5CE9EB52444958B009EB618 /* AppDelegate.swift */; };
		F5CE9EB82444958B009EB618 /* SceneDelegate.swift in Sources */ = {isa = PBXBuildFile; fileRef = F5CE9EB72444958B009EB618 /* SceneDelegate.swift */; };
		F5CE9EBD2444958B009EB618 /* Main.storyboard in Resources */ = {isa = PBXBuildFile; fileRef = F5CE9EBB2444958B009EB618 /* Main.storyboard */; };
		F5CE9EC02444958B009EB618 /* Cool_Eng.xcdatamodeld in Sources */ = {isa = PBXBuildFile; fileRef = F5CE9EBE2444958B009EB618 /* Cool_Eng.xcdatamodeld */; };
		F5CE9EC22444958C009EB618 /* Assets.xcassets in Resources */ = {isa = PBXBuildFile; fileRef = F5CE9EC12444958C009EB618 /* Assets.xcassets */; };
		F5CE9EC52444958C009EB618 /* LaunchScreen.storyboard in Resources */ = {isa = PBXBuildFile; fileRef = F5CE9EC32444958C009EB618 /* LaunchScreen.storyboard */; };
		F5CE9ECE2444997C009EB618 /* PlaylistsViewController.swift in Sources */ = {isa = PBXBuildFile; fileRef = F5CE9ECD2444997C009EB618 /* PlaylistsViewController.swift */; };
		F5CE9ED024449D70009EB618 /* PlaylistViewModel.swift in Sources */ = {isa = PBXBuildFile; fileRef = F5CE9ECF24449D70009EB618 /* PlaylistViewModel.swift */; };
		F5E8E4312445A9C500C79D4C /* YoutubePlayerExtras.swift in Sources */ = {isa = PBXBuildFile; fileRef = F5E8E42F2445A9C400C79D4C /* YoutubePlayerExtras.swift */; };
		F5E8E4322445A9C500C79D4C /* YoutubePlayerView.swift in Sources */ = {isa = PBXBuildFile; fileRef = F5E8E4302445A9C500C79D4C /* YoutubePlayerView.swift */; };
		F5E8E4342445B8FF00C79D4C /* SubtitleModel.swift in Sources */ = {isa = PBXBuildFile; fileRef = F5E8E4332445B8FF00C79D4C /* SubtitleModel.swift */; };
		F5FDA6F82444AFA000AC6A9D /* PlaylistTableViewCell.swift in Sources */ = {isa = PBXBuildFile; fileRef = F5FDA6F72444AFA000AC6A9D /* PlaylistTableViewCell.swift */; };
		F5FDA6FC2444B04C00AC6A9D /* VideosListViewController.swift in Sources */ = {isa = PBXBuildFile; fileRef = F5FDA6FB2444B04C00AC6A9D /* VideosListViewController.swift */; };
/* End PBXBuildFile section */

/* Begin PBXFileReference section */
		76774B42A233CFA1A3671E34 /* Pods_Cool_Eng.framework */ = {isa = PBXFileReference; explicitFileType = wrapper.framework; includeInIndex = 0; path = Pods_Cool_Eng.framework; sourceTree = BUILT_PRODUCTS_DIR; };
		954F9B72E6749571AD310654 /* Pods-Cool Eng.debug.xcconfig */ = {isa = PBXFileReference; includeInIndex = 1; lastKnownFileType = text.xcconfig; name = "Pods-Cool Eng.debug.xcconfig"; path = "Target Support Files/Pods-Cool Eng/Pods-Cool Eng.debug.xcconfig"; sourceTree = "<group>"; };
		C9DC0C9F6A69511812593570 /* Pods-Cool Eng.release.xcconfig */ = {isa = PBXFileReference; includeInIndex = 1; lastKnownFileType = text.xcconfig; name = "Pods-Cool Eng.release.xcconfig"; path = "Target Support Files/Pods-Cool Eng/Pods-Cool Eng.release.xcconfig"; sourceTree = "<group>"; };
		F548BBDB2444CA8900AE060C /* VideoFirebaseHelper.swift */ = {isa = PBXFileReference; lastKnownFileType = sourcecode.swift; path = VideoFirebaseHelper.swift; sourceTree = "<group>"; };
		F548BBDF2444DC2700AE060C /* VideoPlayerViewController.swift */ = {isa = PBXFileReference; lastKnownFileType = sourcecode.swift; path = VideoPlayerViewController.swift; sourceTree = "<group>"; };
		F5B46A752444B67E0007E8E4 /* VideoModel.swift */ = {isa = PBXFileReference; lastKnownFileType = sourcecode.swift; path = VideoModel.swift; sourceTree = "<group>"; };
		F5B46A772444B69E0007E8E4 /* PlaylistModel.swift */ = {isa = PBXFileReference; lastKnownFileType = sourcecode.swift; path = PlaylistModel.swift; sourceTree = "<group>"; };
		F5C6A8732444BBF800716E96 /* GoogleService-Info.plist */ = {isa = PBXFileReference; fileEncoding = 4; lastKnownFileType = text.plist.xml; path = "GoogleService-Info.plist"; sourceTree = "<group>"; };
		F5C6A8762444BC8300716E96 /* PlaylistFirebaseHelper.swift */ = {isa = PBXFileReference; lastKnownFileType = sourcecode.swift; path = PlaylistFirebaseHelper.swift; sourceTree = "<group>"; };
		F5CE9EB22444958B009EB618 /* Cool Eng.app */ = {isa = PBXFileReference; explicitFileType = wrapper.application; includeInIndex = 0; path = "Cool Eng.app"; sourceTree = BUILT_PRODUCTS_DIR; };
		F5CE9EB52444958B009EB618 /* AppDelegate.swift */ = {isa = PBXFileReference; lastKnownFileType = sourcecode.swift; path = AppDelegate.swift; sourceTree = "<group>"; };
		F5CE9EB72444958B009EB618 /* SceneDelegate.swift */ = {isa = PBXFileReference; lastKnownFileType = sourcecode.swift; path = SceneDelegate.swift; sourceTree = "<group>"; };
		F5CE9EBC2444958B009EB618 /* Base */ = {isa = PBXFileReference; lastKnownFileType = file.storyboard; name = Base; path = Base.lproj/Main.storyboard; sourceTree = "<group>"; };
		F5CE9EBF2444958B009EB618 /* Cool_Eng.xcdatamodel */ = {isa = PBXFileReference; lastKnownFileType = wrapper.xcdatamodel; path = Cool_Eng.xcdatamodel; sourceTree = "<group>"; };
		F5CE9EC12444958C009EB618 /* Assets.xcassets */ = {isa = PBXFileReference; lastKnownFileType = folder.assetcatalog; path = Assets.xcassets; sourceTree = "<group>"; };
		F5CE9EC42444958C009EB618 /* Base */ = {isa = PBXFileReference; lastKnownFileType = file.storyboard; name = Base; path = Base.lproj/LaunchScreen.storyboard; sourceTree = "<group>"; };
		F5CE9EC62444958C009EB618 /* Info.plist */ = {isa = PBXFileReference; lastKnownFileType = text.plist.xml; path = Info.plist; sourceTree = "<group>"; };
		F5CE9ECD2444997C009EB618 /* PlaylistsViewController.swift */ = {isa = PBXFileReference; lastKnownFileType = sourcecode.swift; path = PlaylistsViewController.swift; sourceTree = "<group>"; };
		F5CE9ECF24449D70009EB618 /* PlaylistViewModel.swift */ = {isa = PBXFileReference; lastKnownFileType = sourcecode.swift; path = PlaylistViewModel.swift; sourceTree = "<group>"; };
		F5E8E42F2445A9C400C79D4C /* YoutubePlayerExtras.swift */ = {isa = PBXFileReference; fileEncoding = 4; lastKnownFileType = sourcecode.swift; path = YoutubePlayerExtras.swift; sourceTree = "<group>"; };
		F5E8E4302445A9C500C79D4C /* YoutubePlayerView.swift */ = {isa = PBXFileReference; fileEncoding = 4; lastKnownFileType = sourcecode.swift; path = YoutubePlayerView.swift; sourceTree = "<group>"; };
		F5E8E4332445B8FF00C79D4C /* SubtitleModel.swift */ = {isa = PBXFileReference; lastKnownFileType = sourcecode.swift; path = SubtitleModel.swift; sourceTree = "<group>"; };
		F5FDA6F72444AFA000AC6A9D /* PlaylistTableViewCell.swift */ = {isa = PBXFileReference; lastKnownFileType = sourcecode.swift; path = PlaylistTableViewCell.swift; sourceTree = "<group>"; };
		F5FDA6FB2444B04C00AC6A9D /* VideosListViewController.swift */ = {isa = PBXFileReference; lastKnownFileType = sourcecode.swift; path = VideosListViewController.swift; sourceTree = "<group>"; };
/* End PBXFileReference section */

/* Begin PBXFrameworksBuildPhase section */
		F5CE9EAF2444958B009EB618 /* Frameworks */ = {
			isa = PBXFrameworksBuildPhase;
			buildActionMask = 2147483647;
			files = (
				F41E68F9C744D95FC53B34DD /* Pods_Cool_Eng.framework in Frameworks */,
			);
			runOnlyForDeploymentPostprocessing = 0;
		};
/* End PBXFrameworksBuildPhase section */

/* Begin PBXGroup section */
		06EEC3C81E6E31EC15F46FEE /* Pods */ = {
			isa = PBXGroup;
			children = (
				954F9B72E6749571AD310654 /* Pods-Cool Eng.debug.xcconfig */,
				C9DC0C9F6A69511812593570 /* Pods-Cool Eng.release.xcconfig */,
			);
			path = Pods;
			sourceTree = "<group>";
		};
		4B7DDDB63C4CA2DCA14D1D99 /* Frameworks */ = {
			isa = PBXGroup;
			children = (
				76774B42A233CFA1A3671E34 /* Pods_Cool_Eng.framework */,
			);
			name = Frameworks;
			sourceTree = "<group>";
		};
		F548BBDD2444DBC900AE060C /* Flow */ = {
			isa = PBXGroup;
			children = (
				F5CE9ECC24449957009EB618 /* Playlists */,
				F5FDA6F92444B01C00AC6A9D /* VideosList */,
				F548BBDE2444DBE200AE060C /* VideoPlayer */,
			);
			path = Flow;
			sourceTree = "<group>";
		};
		F548BBDE2444DBE200AE060C /* VideoPlayer */ = {
			isa = PBXGroup;
			children = (
				F548BBDF2444DC2700AE060C /* VideoPlayerViewController.swift */,
			);
			path = VideoPlayer;
			sourceTree = "<group>";
		};
		F5B46A742444B66E0007E8E4 /* Models */ = {
			isa = PBXGroup;
			children = (
				F5B46A752444B67E0007E8E4 /* VideoModel.swift */,
				F5B46A772444B69E0007E8E4 /* PlaylistModel.swift */,
				F5E8E4332445B8FF00C79D4C /* SubtitleModel.swift */,
			);
			path = Models;
			sourceTree = "<group>";
		};
		F5C6A8752444BC6800716E96 /* Services */ = {
			isa = PBXGroup;
			children = (
				F5E8E42E2445A99900C79D4C /* VideoPlayer */,
				F5C6A8762444BC8300716E96 /* PlaylistFirebaseHelper.swift */,
				F548BBDB2444CA8900AE060C /* VideoFirebaseHelper.swift */,
			);
			path = Services;
			sourceTree = "<group>";
		};
		F5CE9EA92444958B009EB618 = {
			isa = PBXGroup;
			children = (
				F5CE9EB42444958B009EB618 /* Cool Eng */,
				F5CE9EB32444958B009EB618 /* Products */,
				06EEC3C81E6E31EC15F46FEE /* Pods */,
				4B7DDDB63C4CA2DCA14D1D99 /* Frameworks */,
			);
			sourceTree = "<group>";
		};
		F5CE9EB32444958B009EB618 /* Products */ = {
			isa = PBXGroup;
			children = (
				F5CE9EB22444958B009EB618 /* Cool Eng.app */,
			);
			name = Products;
			sourceTree = "<group>";
		};
		F5CE9EB42444958B009EB618 /* Cool Eng */ = {
			isa = PBXGroup;
			children = (
				F5C6A8752444BC6800716E96 /* Services */,
				F5B46A742444B66E0007E8E4 /* Models */,
				F548BBDD2444DBC900AE060C /* Flow */,
				F5CE9EB52444958B009EB618 /* AppDelegate.swift */,
				F5CE9EB72444958B009EB618 /* SceneDelegate.swift */,
				F5CE9EBB2444958B009EB618 /* Main.storyboard */,
				F5CE9EC12444958C009EB618 /* Assets.xcassets */,
				F5CE9EC32444958C009EB618 /* LaunchScreen.storyboard */,
				F5C6A8732444BBF800716E96 /* GoogleService-Info.plist */,
				F5CE9EC62444958C009EB618 /* Info.plist */,
				F5CE9EBE2444958B009EB618 /* Cool_Eng.xcdatamodeld */,
			);
			path = "Cool Eng";
			sourceTree = "<group>";
		};
		F5CE9ECC24449957009EB618 /* Playlists */ = {
			isa = PBXGroup;
			children = (
				F5CE9ECD2444997C009EB618 /* PlaylistsViewController.swift */,
				F5CE9ECF24449D70009EB618 /* PlaylistViewModel.swift */,
				F5FDA6F72444AFA000AC6A9D /* PlaylistTableViewCell.swift */,
			);
			path = Playlists;
			sourceTree = "<group>";
		};
		F5E8E42E2445A99900C79D4C /* VideoPlayer */ = {
			isa = PBXGroup;
			children = (
				F5E8E42F2445A9C400C79D4C /* YoutubePlayerExtras.swift */,
				F5E8E4302445A9C500C79D4C /* YoutubePlayerView.swift */,
			);
			path = VideoPlayer;
			sourceTree = "<group>";
		};
		F5FDA6F92444B01C00AC6A9D /* VideosList */ = {
			isa = PBXGroup;
			children = (
				F5FDA6FB2444B04C00AC6A9D /* VideosListViewController.swift */,
			);
			path = VideosList;
			sourceTree = "<group>";
		};
/* End PBXGroup section */

/* Begin PBXNativeTarget section */
		F5CE9EB12444958B009EB618 /* Cool Eng */ = {
			isa = PBXNativeTarget;
			buildConfigurationList = F5CE9EC92444958C009EB618 /* Build configuration list for PBXNativeTarget "Cool Eng" */;
			buildPhases = (
				E9C0C72669C25092E1DF7D95 /* [CP] Check Pods Manifest.lock */,
				F5CE9EAE2444958B009EB618 /* Sources */,
				F5CE9EAF2444958B009EB618 /* Frameworks */,
				F5CE9EB02444958B009EB618 /* Resources */,
				B1CFC6BB7194DCC6307B5993 /* [CP] Embed Pods Frameworks */,
			);
			buildRules = (
			);
			dependencies = (
			);
			name = "Cool Eng";
			productName = "Cool Eng";
			productReference = F5CE9EB22444958B009EB618 /* Cool Eng.app */;
			productType = "com.apple.product-type.application";
		};
/* End PBXNativeTarget section */

/* Begin PBXProject section */
		F5CE9EAA2444958B009EB618 /* Project object */ = {
			isa = PBXProject;
			attributes = {
				LastSwiftUpdateCheck = 1130;
				LastUpgradeCheck = 1130;
				ORGANIZATIONNAME = "Ivan Chernetskiy";
				TargetAttributes = {
					F5CE9EB12444958B009EB618 = {
						CreatedOnToolsVersion = 11.3.1;
					};
				};
			};
			buildConfigurationList = F5CE9EAD2444958B009EB618 /* Build configuration list for PBXProject "Cool Eng" */;
			compatibilityVersion = "Xcode 9.3";
			developmentRegion = en;
			hasScannedForEncodings = 0;
			knownRegions = (
				en,
				Base,
			);
			mainGroup = F5CE9EA92444958B009EB618;
			productRefGroup = F5CE9EB32444958B009EB618 /* Products */;
			projectDirPath = "";
			projectRoot = "";
			targets = (
				F5CE9EB12444958B009EB618 /* Cool Eng */,
			);
		};
/* End PBXProject section */

/* Begin PBXResourcesBuildPhase section */
		F5CE9EB02444958B009EB618 /* Resources */ = {
			isa = PBXResourcesBuildPhase;
			buildActionMask = 2147483647;
			files = (
				F5CE9EC52444958C009EB618 /* LaunchScreen.storyboard in Resources */,
				F5CE9EC22444958C009EB618 /* Assets.xcassets in Resources */,
				F5CE9EBD2444958B009EB618 /* Main.storyboard in Resources */,
				F5C6A8742444BBF800716E96 /* GoogleService-Info.plist in Resources */,
			);
			runOnlyForDeploymentPostprocessing = 0;
		};
/* End PBXResourcesBuildPhase section */

/* Begin PBXShellScriptBuildPhase section */
		B1CFC6BB7194DCC6307B5993 /* [CP] Embed Pods Frameworks */ = {
			isa = PBXShellScriptBuildPhase;
			buildActionMask = 2147483647;
			files = (
			);
			inputFileListPaths = (
				"${PODS_ROOT}/Target Support Files/Pods-Cool Eng/Pods-Cool Eng-frameworks-${CONFIGURATION}-input-files.xcfilelist",
			);
			name = "[CP] Embed Pods Frameworks";
			outputFileListPaths = (
				"${PODS_ROOT}/Target Support Files/Pods-Cool Eng/Pods-Cool Eng-frameworks-${CONFIGURATION}-output-files.xcfilelist",
			);
			runOnlyForDeploymentPostprocessing = 0;
			shellPath = /bin/sh;
			shellScript = "\"${PODS_ROOT}/Target Support Files/Pods-Cool Eng/Pods-Cool Eng-frameworks.sh\"\n";
			showEnvVarsInLog = 0;
		};
		E9C0C72669C25092E1DF7D95 /* [CP] Check Pods Manifest.lock */ = {
			isa = PBXShellScriptBuildPhase;
			buildActionMask = 2147483647;
			files = (
			);
			inputFileListPaths = (
			);
			inputPaths = (
				"${PODS_PODFILE_DIR_PATH}/Podfile.lock",
				"${PODS_ROOT}/Manifest.lock",
			);
			name = "[CP] Check Pods Manifest.lock";
			outputFileListPaths = (
			);
			outputPaths = (
				"$(DERIVED_FILE_DIR)/Pods-Cool Eng-checkManifestLockResult.txt",
			);
			runOnlyForDeploymentPostprocessing = 0;
			shellPath = /bin/sh;
			shellScript = "diff \"${PODS_PODFILE_DIR_PATH}/Podfile.lock\" \"${PODS_ROOT}/Manifest.lock\" > /dev/null\nif [ $? != 0 ] ; then\n    # print error to STDERR\n    echo \"error: The sandbox is not in sync with the Podfile.lock. Run 'pod install' or update your CocoaPods installation.\" >&2\n    exit 1\nfi\n# This output is used by Xcode 'outputs' to avoid re-running this script phase.\necho \"SUCCESS\" > \"${SCRIPT_OUTPUT_FILE_0}\"\n";
			showEnvVarsInLog = 0;
		};
/* End PBXShellScriptBuildPhase section */

/* Begin PBXSourcesBuildPhase section */
		F5CE9EAE2444958B009EB618 /* Sources */ = {
			isa = PBXSourcesBuildPhase;
			buildActionMask = 2147483647;
			files = (
				F5CE9ED024449D70009EB618 /* PlaylistViewModel.swift in Sources */,
				F5E8E4322445A9C500C79D4C /* YoutubePlayerView.swift in Sources */,
				F5CE9ECE2444997C009EB618 /* PlaylistsViewController.swift in Sources */,
				F548BBE02444DC2700AE060C /* VideoPlayerViewController.swift in Sources */,
				F5FDA6F82444AFA000AC6A9D /* PlaylistTableViewCell.swift in Sources */,
				F5B46A782444B69E0007E8E4 /* PlaylistModel.swift in Sources */,
				F548BBDC2444CA8900AE060C /* VideoFirebaseHelper.swift in Sources */,
				F5B46A762444B67E0007E8E4 /* VideoModel.swift in Sources */,
				F5C6A8772444BC8300716E96 /* PlaylistFirebaseHelper.swift in Sources */,
				F5CE9EB62444958B009EB618 /* AppDelegate.swift in Sources */,
				F5E8E4342445B8FF00C79D4C /* SubtitleModel.swift in Sources */,
				F5CE9EB82444958B009EB618 /* SceneDelegate.swift in Sources */,
				F5E8E4312445A9C500C79D4C /* YoutubePlayerExtras.swift in Sources */,
				F5FDA6FC2444B04C00AC6A9D /* VideosListViewController.swift in Sources */,
				F5CE9EC02444958B009EB618 /* Cool_Eng.xcdatamodeld in Sources */,
			);
			runOnlyForDeploymentPostprocessing = 0;
		};
/* End PBXSourcesBuildPhase section */

/* Begin PBXVariantGroup section */
		F5CE9EBB2444958B009EB618 /* Main.storyboard */ = {
			isa = PBXVariantGroup;
			children = (
				F5CE9EBC2444958B009EB618 /* Base */,
			);
			name = Main.storyboard;
			sourceTree = "<group>";
		};
		F5CE9EC32444958C009EB618 /* LaunchScreen.storyboard */ = {
			isa = PBXVariantGroup;
			children = (
				F5CE9EC42444958C009EB618 /* Base */,
			);
			name = LaunchScreen.storyboard;
			sourceTree = "<group>";
		};
/* End PBXVariantGroup section */

/* Begin XCBuildConfiguration section */
		F5CE9EC72444958C009EB618 /* Debug */ = {
			isa = XCBuildConfiguration;
			buildSettings = {
				ALWAYS_SEARCH_USER_PATHS = NO;
				CLANG_ANALYZER_NONNULL = YES;
				CLANG_ANALYZER_NUMBER_OBJECT_CONVERSION = YES_AGGRESSIVE;
				CLANG_CXX_LANGUAGE_STANDARD = "gnu++14";
				CLANG_CXX_LIBRARY = "libc++";
				CLANG_ENABLE_MODULES = YES;
				CLANG_ENABLE_OBJC_ARC = YES;
				CLANG_ENABLE_OBJC_WEAK = YES;
				CLANG_WARN_BLOCK_CAPTURE_AUTORELEASING = YES;
				CLANG_WARN_BOOL_CONVERSION = YES;
				CLANG_WARN_COMMA = YES;
				CLANG_WARN_CONSTANT_CONVERSION = YES;
				CLANG_WARN_DEPRECATED_OBJC_IMPLEMENTATIONS = YES;
				CLANG_WARN_DIRECT_OBJC_ISA_USAGE = YES_ERROR;
				CLANG_WARN_DOCUMENTATION_COMMENTS = YES;
				CLANG_WARN_EMPTY_BODY = YES;
				CLANG_WARN_ENUM_CONVERSION = YES;
				CLANG_WARN_INFINITE_RECURSION = YES;
				CLANG_WARN_INT_CONVERSION = YES;
				CLANG_WARN_NON_LITERAL_NULL_CONVERSION = YES;
				CLANG_WARN_OBJC_IMPLICIT_RETAIN_SELF = YES;
				CLANG_WARN_OBJC_LITERAL_CONVERSION = YES;
				CLANG_WARN_OBJC_ROOT_CLASS = YES_ERROR;
				CLANG_WARN_RANGE_LOOP_ANALYSIS = YES;
				CLANG_WARN_STRICT_PROTOTYPES = YES;
				CLANG_WARN_SUSPICIOUS_MOVE = YES;
				CLANG_WARN_UNGUARDED_AVAILABILITY = YES_AGGRESSIVE;
				CLANG_WARN_UNREACHABLE_CODE = YES;
				CLANG_WARN__DUPLICATE_METHOD_MATCH = YES;
				COPY_PHASE_STRIP = NO;
				DEBUG_INFORMATION_FORMAT = dwarf;
				ENABLE_STRICT_OBJC_MSGSEND = YES;
				ENABLE_TESTABILITY = YES;
				GCC_C_LANGUAGE_STANDARD = gnu11;
				GCC_DYNAMIC_NO_PIC = NO;
				GCC_NO_COMMON_BLOCKS = YES;
				GCC_OPTIMIZATION_LEVEL = 0;
				GCC_PREPROCESSOR_DEFINITIONS = (
					"DEBUG=1",
					"$(inherited)",
				);
				GCC_WARN_64_TO_32_BIT_CONVERSION = YES;
				GCC_WARN_ABOUT_RETURN_TYPE = YES_ERROR;
				GCC_WARN_UNDECLARED_SELECTOR = YES;
				GCC_WARN_UNINITIALIZED_AUTOS = YES_AGGRESSIVE;
				GCC_WARN_UNUSED_FUNCTION = YES;
				GCC_WARN_UNUSED_VARIABLE = YES;
				IPHONEOS_DEPLOYMENT_TARGET = 13.2;
				MTL_ENABLE_DEBUG_INFO = INCLUDE_SOURCE;
				MTL_FAST_MATH = YES;
				ONLY_ACTIVE_ARCH = YES;
				SDKROOT = iphoneos;
				SWIFT_ACTIVE_COMPILATION_CONDITIONS = DEBUG;
				SWIFT_OPTIMIZATION_LEVEL = "-Onone";
			};
			name = Debug;
		};
		F5CE9EC82444958C009EB618 /* Release */ = {
			isa = XCBuildConfiguration;
			buildSettings = {
				ALWAYS_SEARCH_USER_PATHS = NO;
				CLANG_ANALYZER_NONNULL = YES;
				CLANG_ANALYZER_NUMBER_OBJECT_CONVERSION = YES_AGGRESSIVE;
				CLANG_CXX_LANGUAGE_STANDARD = "gnu++14";
				CLANG_CXX_LIBRARY = "libc++";
				CLANG_ENABLE_MODULES = YES;
				CLANG_ENABLE_OBJC_ARC = YES;
				CLANG_ENABLE_OBJC_WEAK = YES;
				CLANG_WARN_BLOCK_CAPTURE_AUTORELEASING = YES;
				CLANG_WARN_BOOL_CONVERSION = YES;
				CLANG_WARN_COMMA = YES;
				CLANG_WARN_CONSTANT_CONVERSION = YES;
				CLANG_WARN_DEPRECATED_OBJC_IMPLEMENTATIONS = YES;
				CLANG_WARN_DIRECT_OBJC_ISA_USAGE = YES_ERROR;
				CLANG_WARN_DOCUMENTATION_COMMENTS = YES;
				CLANG_WARN_EMPTY_BODY = YES;
				CLANG_WARN_ENUM_CONVERSION = YES;
				CLANG_WARN_INFINITE_RECURSION = YES;
				CLANG_WARN_INT_CONVERSION = YES;
				CLANG_WARN_NON_LITERAL_NULL_CONVERSION = YES;
				CLANG_WARN_OBJC_IMPLICIT_RETAIN_SELF = YES;
				CLANG_WARN_OBJC_LITERAL_CONVERSION = YES;
				CLANG_WARN_OBJC_ROOT_CLASS = YES_ERROR;
				CLANG_WARN_RANGE_LOOP_ANALYSIS = YES;
				CLANG_WARN_STRICT_PROTOTYPES = YES;
				CLANG_WARN_SUSPICIOUS_MOVE = YES;
				CLANG_WARN_UNGUARDED_AVAILABILITY = YES_AGGRESSIVE;
				CLANG_WARN_UNREACHABLE_CODE = YES;
				CLANG_WARN__DUPLICATE_METHOD_MATCH = YES;
				COPY_PHASE_STRIP = NO;
				DEBUG_INFORMATION_FORMAT = "dwarf-with-dsym";
				ENABLE_NS_ASSERTIONS = NO;
				ENABLE_STRICT_OBJC_MSGSEND = YES;
				GCC_C_LANGUAGE_STANDARD = gnu11;
				GCC_NO_COMMON_BLOCKS = YES;
				GCC_WARN_64_TO_32_BIT_CONVERSION = YES;
				GCC_WARN_ABOUT_RETURN_TYPE = YES_ERROR;
				GCC_WARN_UNDECLARED_SELECTOR = YES;
				GCC_WARN_UNINITIALIZED_AUTOS = YES_AGGRESSIVE;
				GCC_WARN_UNUSED_FUNCTION = YES;
				GCC_WARN_UNUSED_VARIABLE = YES;
				IPHONEOS_DEPLOYMENT_TARGET = 13.2;
				MTL_ENABLE_DEBUG_INFO = NO;
				MTL_FAST_MATH = YES;
				SDKROOT = iphoneos;
				SWIFT_COMPILATION_MODE = wholemodule;
				SWIFT_OPTIMIZATION_LEVEL = "-O";
				VALIDATE_PRODUCT = YES;
			};
			name = Release;
		};
		F5CE9ECA2444958C009EB618 /* Debug */ = {
			isa = XCBuildConfiguration;
			baseConfigurationReference = 954F9B72E6749571AD310654 /* Pods-Cool Eng.debug.xcconfig */;
			buildSettings = {
				ASSETCATALOG_COMPILER_APPICON_NAME = AppIcon;
				CODE_SIGN_STYLE = Automatic;
				DEVELOPMENT_TEAM = Z6SVM5W336;
				INFOPLIST_FILE = "Cool Eng/Info.plist";
				LD_RUNPATH_SEARCH_PATHS = (
					"$(inherited)",
					"@executable_path/Frameworks",
				);
				PRODUCT_BUNDLE_IDENTIFIER = "com.deserteam.cool-eng";
				PRODUCT_NAME = "$(TARGET_NAME)";
				SWIFT_VERSION = 5.0;
				TARGETED_DEVICE_FAMILY = "1,2";
			};
			name = Debug;
		};
		F5CE9ECB2444958C009EB618 /* Release */ = {
			isa = XCBuildConfiguration;
			baseConfigurationReference = C9DC0C9F6A69511812593570 /* Pods-Cool Eng.release.xcconfig */;
			buildSettings = {
				ASSETCATALOG_COMPILER_APPICON_NAME = AppIcon;
				CODE_SIGN_STYLE = Automatic;
				DEVELOPMENT_TEAM = Z6SVM5W336;
				INFOPLIST_FILE = "Cool Eng/Info.plist";
				LD_RUNPATH_SEARCH_PATHS = (
					"$(inherited)",
					"@executable_path/Frameworks",
				);
				PRODUCT_BUNDLE_IDENTIFIER = "com.deserteam.cool-eng";
				PRODUCT_NAME = "$(TARGET_NAME)";
				SWIFT_VERSION = 5.0;
				TARGETED_DEVICE_FAMILY = "1,2";
			};
			name = Release;
		};
/* End XCBuildConfiguration section */

/* Begin XCConfigurationList section */
		F5CE9EAD2444958B009EB618 /* Build configuration list for PBXProject "Cool Eng" */ = {
			isa = XCConfigurationList;
			buildConfigurations = (
				F5CE9EC72444958C009EB618 /* Debug */,
				F5CE9EC82444958C009EB618 /* Release */,
			);
			defaultConfigurationIsVisible = 0;
			defaultConfigurationName = Release;
		};
		F5CE9EC92444958C009EB618 /* Build configuration list for PBXNativeTarget "Cool Eng" */ = {
			isa = XCConfigurationList;
			buildConfigurations = (
				F5CE9ECA2444958C009EB618 /* Debug */,
				F5CE9ECB2444958C009EB618 /* Release */,
			);
			defaultConfigurationIsVisible = 0;
			defaultConfigurationName = Release;
		};
/* End XCConfigurationList section */

/* Begin XCVersionGroup section */
		F5CE9EBE2444958B009EB618 /* Cool_Eng.xcdatamodeld */ = {
			isa = XCVersionGroup;
			children = (
				F5CE9EBF2444958B009EB618 /* Cool_Eng.xcdatamodel */,
			);
			currentVersion = F5CE9EBF2444958B009EB618 /* Cool_Eng.xcdatamodel */;
			path = Cool_Eng.xcdatamodeld;
			sourceTree = "<group>";
			versionGroupType = wrapper.xcdatamodel;
		};
/* End XCVersionGroup section */
	};
	rootObject = F5CE9EAA2444958B009EB618 /* Project object */;
}
